
Microsoft Visual Studio Solution File, Format Version 12.00
# Visual Studio Version 17
VisualStudioVersion = 17.13.35931.197 d17.13
MinimumVisualStudioVersion = 10.0.40219.1
Project("{2150E333-8FDC-42A3-9474-1A3956D46DE8}") = "client", "client", "{36D591C7-65C7-A0D1-1CBC-10CDE441BDC8}"
EndProject
Project("{2150E333-8FDC-42A3-9474-1A3956D46DE8}") = "Core", "Core", "{F44F7A7D-443C-41A4-977F-927052855AC3}"
EndProject
Project("{FAE04EC0-301F-11D3-BF4B-00C04F79EFBC}") = "Cinema.Client", "Cinema.Client\Cinema.Client.csproj", "{9E87BADC-07BE-4799-8426-BBAD53A6E0D0}"
EndProject
Project("{FAE04EC0-301F-11D3-BF4B-00C04F79EFBC}") = "Cinema.Application", "Cinema.Application\Cinema.Application.csproj", "{2835B40A-5543-4AB3-B916-8D7DEB60AE5B}"
EndProject
Project("{FAE04EC0-301F-11D3-BF4B-00C04F79EFBC}") = "Cinema.Domain", "Cinema.Domain\Cinema.Domain.csproj", "{871A7F2F-BDB3-4826-9386-11E7BCD4E668}"
EndProject
Project("{FAE04EC0-301F-11D3-BF4B-00C04F79EFBC}") = "Cinema.Infrastructure", "Cinema.Infrastructure\Cinema.Infrastructure.csproj", "{3408007D-46C2-442C-8F4B-0B0D9D68466F}"
EndProject
Project("{FAE04EC0-301F-11D3-BF4B-00C04F79EFBC}") = "Cinema.API", "Cinema.API\Cinema.API.csproj", "{DD1443FB-F06D-43CD-B23A-D812C082C95F}"
EndProject
Project("{2150E333-8FDC-42A3-9474-1A3956D46DE8}") = "Solution Items", "Solution Items", "{CEC626A1-BDDB-4BCA-B9D8-9684C24A4871}"
	ProjectSection(SolutionItems) = preProject
		compose.yaml = compose.yaml
	EndProjectSection
EndProject
Project("{2150E333-8FDC-42A3-9474-1A3956D46DE8}") = "Services", "Services", "{809E7BD3-3483-41C7-AA8F-717B70E3C0E3}"
EndProject
Project("{2150E333-8FDC-42A3-9474-1A3956D46DE8}") = "MailService", "MailService", "{9C143391-98D6-4E76-986E-638F8DF2AD84}"
EndProject
Project("{FAE04EC0-301F-11D3-BF4B-00C04F79EFBC}") = "MailService.API", "MailService.API\MailService.API.csproj", "{64016EFE-03F8-4A09-AC24-8C07E70AF605}"
EndProject
Project("{FAE04EC0-301F-11D3-BF4B-00C04F79EFBC}") = "MailService.Application", "MailService.Application\MailService.Application.csproj", "{5B307B75-E600-49FD-ABAE-4F065A9F5BDB}"
EndProject
Project("{FAE04EC0-301F-11D3-BF4B-00C04F79EFBC}") = "MailService.Domain", "MailService.Domain\MailService.Domain.csproj", "{83123B50-49E3-4B2B-93B1-6E86AA00BDFD}"
EndProject
Project("{FAE04EC0-301F-11D3-BF4B-00C04F79EFBC}") = "MailService.Infrastructure", "MailService.Infrastructure\MailService.Infrastructure.csproj", "{37259A40-BFB1-474E-A3F5-8E061C679411}"
EndProject
Global
	GlobalSection(SolutionConfigurationPlatforms) = preSolution
		Debug|Any CPU = Debug|Any CPU
		Release|Any CPU = Release|Any CPU
	EndGlobalSection
	GlobalSection(ProjectConfigurationPlatforms) = postSolution
		{9E87BADC-07BE-4799-8426-BBAD53A6E0D0}.Debug|Any CPU.ActiveCfg = Debug|Any CPU
		{9E87BADC-07BE-4799-8426-BBAD53A6E0D0}.Debug|Any CPU.Build.0 = Debug|Any CPU
		{9E87BADC-07BE-4799-8426-BBAD53A6E0D0}.Release|Any CPU.ActiveCfg = Release|Any CPU
		{9E87BADC-07BE-4799-8426-BBAD53A6E0D0}.Release|Any CPU.Build.0 = Release|Any CPU
		{2835B40A-5543-4AB3-B916-8D7DEB60AE5B}.Debug|Any CPU.ActiveCfg = Debug|Any CPU
		{2835B40A-5543-4AB3-B916-8D7DEB60AE5B}.Debug|Any CPU.Build.0 = Debug|Any CPU
		{2835B40A-5543-4AB3-B916-8D7DEB60AE5B}.Release|Any CPU.ActiveCfg = Release|Any CPU
		{2835B40A-5543-4AB3-B916-8D7DEB60AE5B}.Release|Any CPU.Build.0 = Release|Any CPU
		{871A7F2F-BDB3-4826-9386-11E7BCD4E668}.Debug|Any CPU.ActiveCfg = Debug|Any CPU
		{871A7F2F-BDB3-4826-9386-11E7BCD4E668}.Debug|Any CPU.Build.0 = Debug|Any CPU
		{871A7F2F-BDB3-4826-9386-11E7BCD4E668}.Release|Any CPU.ActiveCfg = Release|Any CPU
		{871A7F2F-BDB3-4826-9386-11E7BCD4E668}.Release|Any CPU.Build.0 = Release|Any CPU
		{3408007D-46C2-442C-8F4B-0B0D9D68466F}.Debug|Any CPU.ActiveCfg = Debug|Any CPU
		{3408007D-46C2-442C-8F4B-0B0D9D68466F}.Debug|Any CPU.Build.0 = Debug|Any CPU
		{3408007D-46C2-442C-8F4B-0B0D9D68466F}.Release|Any CPU.ActiveCfg = Release|Any CPU
		{3408007D-46C2-442C-8F4B-0B0D9D68466F}.Release|Any CPU.Build.0 = Release|Any CPU
		{DD1443FB-F06D-43CD-B23A-D812C082C95F}.Debug|Any CPU.ActiveCfg = Debug|Any CPU
		{DD1443FB-F06D-43CD-B23A-D812C082C95F}.Debug|Any CPU.Build.0 = Debug|Any CPU
		{DD1443FB-F06D-43CD-B23A-D812C082C95F}.Release|Any CPU.ActiveCfg = Release|Any CPU
		{DD1443FB-F06D-43CD-B23A-D812C082C95F}.Release|Any CPU.Build.0 = Release|Any CPU
		{64016EFE-03F8-4A09-AC24-8C07E70AF605}.Debug|Any CPU.ActiveCfg = Debug|Any CPU
		{64016EFE-03F8-4A09-AC24-8C07E70AF605}.Debug|Any CPU.Build.0 = Debug|Any CPU
		{64016EFE-03F8-4A09-AC24-8C07E70AF605}.Release|Any CPU.ActiveCfg = Release|Any CPU
		{64016EFE-03F8-4A09-AC24-8C07E70AF605}.Release|Any CPU.Build.0 = Release|Any CPU
		{5B307B75-E600-49FD-ABAE-4F065A9F5BDB}.Debug|Any CPU.ActiveCfg = Debug|Any CPU
		{5B307B75-E600-49FD-ABAE-4F065A9F5BDB}.Debug|Any CPU.Build.0 = Debug|Any CPU
		{5B307B75-E600-49FD-ABAE-4F065A9F5BDB}.Release|Any CPU.ActiveCfg = Release|Any CPU
		{5B307B75-E600-49FD-ABAE-4F065A9F5BDB}.Release|Any CPU.Build.0 = Release|Any CPU
		{83123B50-49E3-4B2B-93B1-6E86AA00BDFD}.Debug|Any CPU.ActiveCfg = Debug|Any CPU
		{83123B50-49E3-4B2B-93B1-6E86AA00BDFD}.Debug|Any CPU.Build.0 = Debug|Any CPU
		{83123B50-49E3-4B2B-93B1-6E86AA00BDFD}.Release|Any CPU.ActiveCfg = Release|Any CPU
		{83123B50-49E3-4B2B-93B1-6E86AA00BDFD}.Release|Any CPU.Build.0 = Release|Any CPU
		{37259A40-BFB1-474E-A3F5-8E061C679411}.Debug|Any CPU.ActiveCfg = Debug|Any CPU
		{37259A40-BFB1-474E-A3F5-8E061C679411}.Debug|Any CPU.Build.0 = Debug|Any CPU
		{37259A40-BFB1-474E-A3F5-8E061C679411}.Release|Any CPU.ActiveCfg = Release|Any CPU
		{37259A40-BFB1-474E-A3F5-8E061C679411}.Release|Any CPU.Build.0 = Release|Any CPU
	EndGlobalSection
	GlobalSection(SolutionProperties) = preSolution
		HideSolutionNode = FALSE
	EndGlobalSection
	GlobalSection(NestedProjects) = preSolution
		{9E87BADC-07BE-4799-8426-BBAD53A6E0D0} = {36D591C7-65C7-A0D1-1CBC-10CDE441BDC8}
		{2835B40A-5543-4AB3-B916-8D7DEB60AE5B} = {F44F7A7D-443C-41A4-977F-927052855AC3}
		{871A7F2F-BDB3-4826-9386-11E7BCD4E668} = {F44F7A7D-443C-41A4-977F-927052855AC3}
		{3408007D-46C2-442C-8F4B-0B0D9D68466F} = {F44F7A7D-443C-41A4-977F-927052855AC3}
		{DD1443FB-F06D-43CD-B23A-D812C082C95F} = {F44F7A7D-443C-41A4-977F-927052855AC3}
		{9C143391-98D6-4E76-986E-638F8DF2AD84} = {809E7BD3-3483-41C7-AA8F-717B70E3C0E3}
		{64016EFE-03F8-4A09-AC24-8C07E70AF605} = {9C143391-98D6-4E76-986E-638F8DF2AD84}
		{5B307B75-E600-49FD-ABAE-4F065A9F5BDB} = {9C143391-98D6-4E76-986E-638F8DF2AD84}
		{83123B50-49E3-4B2B-93B1-6E86AA00BDFD} = {9C143391-98D6-4E76-986E-638F8DF2AD84}
		{37259A40-BFB1-474E-A3F5-8E061C679411} = {9C143391-98D6-4E76-986E-638F8DF2AD84}
		{F44F7A7D-443C-41A4-977F-927052855AC3} = {809E7BD3-3483-41C7-AA8F-717B70E3C0E3}
	EndGlobalSection
	GlobalSection(ExtensibilityGlobals) = postSolution
		SolutionGuid = {9C2509A8-0167-4C07-BDA7-A1CC0B5D0551}
	EndGlobalSection
EndGlobal
